{
    "_readme": [
        "This file locks the dependencies of your project to a known state",
        "Read more about it at https://getcomposer.org/doc/01-basic-usage.md#installing-dependencies",
        "This file is @generated automatically"
    ],
    "content-hash": "c8a887b77143d14bd2dfcd486bb8dcc0",
    "packages": [
        {
            "name": "a5hleyrich/wp-background-processing",
            "version": "1.0.2",
            "source": {
                "type": "git",
                "url": "https://github.com/deliciousbrains/wp-background-processing.git",
                "reference": "2cbee1abd1b49e1133cd8f611df4d4fc5a8b9800"
            },
            "dist": {
                "type": "zip",
                "url": "https://api.github.com/repos/deliciousbrains/wp-background-processing/zipball/2cbee1abd1b49e1133cd8f611df4d4fc5a8b9800",
                "reference": "2cbee1abd1b49e1133cd8f611df4d4fc5a8b9800",
                "shasum": ""
            },
            "require": {
                "php": ">=5.2"
            },
            "suggest": {
                "coenjacobs/mozart": "Easily wrap this library with your own prefix, to prevent collisions when multiple plugins use this library"
            },
            "type": "library",
            "autoload": {
                "classmap": [
                    "classes/"
                ]
            },
            "notification-url": "https://packagist.org/downloads/",
            "license": [
                "GPL-2.0-or-later"
            ],
            "authors": [
                {
                    "name": "Delicious Brains",
                    "email": "nom@deliciousbrains.com"
                }
            ],
            "description": "WP Background Processing can be used to fire off non-blocking asynchronous requests or as a background processing tool, allowing you to queue tasks.",
            "support": {
                "issues": "https://github.com/deliciousbrains/wp-background-processing/issues",
                "source": "https://github.com/deliciousbrains/wp-background-processing/tree/1.0.2"
            },
            "time": "2020-07-31T07:00:11+00:00"
        },
        {
            "name": "simplehtmldom/simplehtmldom",
            "version": "2.0-RC2",
            "source": {
                "type": "git",
                "url": "https://github.com/simplehtmldom/simplehtmldom.git",
                "reference": "3c87726400e59d8e1bc4709cfe82353abeb0f4d1"
            },
            "dist": {
                "type": "zip",
                "url": "https://api.github.com/repos/simplehtmldom/simplehtmldom/zipball/3c87726400e59d8e1bc4709cfe82353abeb0f4d1",
                "reference": "3c87726400e59d8e1bc4709cfe82353abeb0f4d1",
                "shasum": ""
            },
            "require": {
                "ext-iconv": "*",
                "php": ">=5.6"
            },
            "require-dev": {
                "phpunit/phpunit": "^6 || ^7"
            },
            "suggest": {
                "ext-curl": "Needed to support cURL downloads in class HtmlWeb",
                "ext-mbstring": "Allows better decoding for multi-byte documents",
                "ext-openssl": "Allows loading HTTPS pages when using cURL"
            },
            "type": "library",
            "autoload": {
                "classmap": [
                    "./"
                ],
                "exclude-from-classmap": [
                    "/example/",
                    "/manual/",
                    "/testcase/",
                    "/tests/",
                    "simple_html_dom.php"
                ]
            },
            "notification-url": "https://packagist.org/downloads/",
            "license": [
                "MIT"
            ],
            "authors": [
                {
                    "name": "S.C. Chen",
                    "role": "Developer"
                },
                {
                    "name": "John Schlick",
                    "role": "Developer"
                },
                {
                    "name": "logmanoriginal",
                    "role": "Developer"
                }
            ],
            "description": "A fast, simple and reliable HTML document parser for PHP.",
            "homepage": "https://simplehtmldom.sourceforge.io/",
            "keywords": [
                "Simple",
                "dom",
                "html",
                "parser",
                "php",
                "simplehtmldom"
            ],
            "support": {
                "issues": "https://sourceforge.net/p/simplehtmldom/bugs/",
                "rss": "https://sourceforge.net/p/simplehtmldom/news/feed.rss",
                "source": "https://sourceforge.net/p/simplehtmldom/repository/",
                "wiki": "https://simplehtmldom.sourceforge.io/docs/"
            },
            "time": "2019-11-09T15:42:50+00:00"
        }
    ],
    "packages-dev": [],
    "aliases": [],
    "minimum-stability": "stable",
    "stability-flags": {
        "simplehtmldom/simplehtmldom": 5
    },
    "prefer-stable": false,
    "prefer-lowest": false,
    "platform": [],
    "platform-dev": [],
    "plugin-api-version": "2.0.0"
}
