{
    "_readme": [
        "This file locks the dependencies of your project to a known state",
        "Read more about it at https://getcomposer.org/doc/01-basic-usage.md#installing-dependencies",
        "This file is @generated automatically"
    ],
    "content-hash": "2cf7898883170febd85958be6388aa71",
    "packages": [
        {
            "name": "a5hleyrich/wp-background-processing",
            "version": "1.0.2",
            "source": {
                "type": "git",
                "url": "https://github.com/deliciousbrains/wp-background-processing.git",
                "reference": "2cbee1abd1b49e1133cd8f611df4d4fc5a8b9800"
            },
            "dist": {
                "type": "zip",
                "url": "https://api.github.com/repos/deliciousbrains/wp-background-processing/zipball/2cbee1abd1b49e1133cd8f611df4d4fc5a8b9800",
                "reference": "2cbee1abd1b49e1133cd8f611df4d4fc5a8b9800",
                "shasum": ""
            },
            "require": {
                "php": ">=5.2"
            },
            "suggest": {
                "coenjacobs/mozart": "Easily wrap this library with your own prefix, to prevent collisions when multiple plugins use this library"
            },
            "type": "library",
            "autoload": {
                "classmap": [
                    "classes/"
                ]
            },
            "notification-url": "https://packagist.org/downloads/",
            "license": [
                "GPL-2.0-or-later"
            ],
            "authors": [
                {
                    "name": "Delicious Brains",
                    "email": "nom@deliciousbrains.com"
                }
            ],
            "description": "WP Background Processing can be used to fire off non-blocking asynchronous requests or as a background processing tool, allowing you to queue tasks.",
            "support": {
                "issues": "https://github.com/deliciousbrains/wp-background-processing/issues",
                "source": "https://github.com/deliciousbrains/wp-background-processing/tree/1.0.2"
            },
            "time": "2020-07-31T07:00:11+00:00"
        },
        {
            "name": "sunra/php-simple-html-dom-parser",
            "version": "v1.5.2",
            "source": {
                "type": "git",
                "url": "https://github.com/sunra/php-simple-html-dom-parser.git",
                "reference": "75b9b1cb64502d8f8c04dc11b5906b969af247c6"
            },
            "dist": {
                "type": "zip",
                "url": "https://api.github.com/repos/sunra/php-simple-html-dom-parser/zipball/75b9b1cb64502d8f8c04dc11b5906b969af247c6",
                "reference": "75b9b1cb64502d8f8c04dc11b5906b969af247c6",
                "shasum": ""
            },
            "require": {
                "ext-mbstring": "*",
                "php": ">=5.3.2"
            },
            "type": "library",
            "autoload": {
                "psr-0": {
                    "Sunra\\PhpSimple\\HtmlDomParser": "Src/"
                }
            },
            "notification-url": "https://packagist.org/downloads/",
            "license": [
                "MIT"
            ],
            "authors": [
                {
                    "name": "Sunra",
                    "email": "sunra@yandex.ru",
                    "homepage": "https://github.com/sunra"
                },
                {
                    "name": "S.C. Chen",
                    "homepage": "http://sourceforge.net/projects/simplehtmldom/"
                }
            ],
            "description": "Composer adaptation of: A HTML DOM parser written in PHP5+ let you manipulate HTML in a very easy way! Require PHP 5+. Supports invalid HTML. Find tags on an HTML page with selectors just like jQuery. Extract contents from HTML in a single line.",
            "homepage": "https://github.com/sunra/php-simple-html-dom-parser",
            "keywords": [
                "dom",
                "html",
                "parser"
            ],
            "support": {
                "issues": "https://github.com/sunra/php-simple-html-dom-parser/issues",
                "source": "https://github.com/sunra/php-simple-html-dom-parser/tree/master"
            },
            "time": "2016-11-22T22:57:47+00:00"
        }
    ],
    "packages-dev": [],
    "aliases": [],
    "minimum-stability": "stable",
    "stability-flags": [],
    "prefer-stable": false,
    "prefer-lowest": false,
    "platform": [],
    "platform-dev": [],
    "plugin-api-version": "2.0.0"
}
