{
    "_readme": [
        "This file locks the dependencies of your project to a known state",
        "Read more about it at https://getcomposer.org/doc/01-basic-usage.md#composer-lock-the-lock-file",
        "This file is @generated automatically"
    ],
    "hash": "276bd821391db814977da58d88a724bb",
    "content-hash": "6b633cb8e401160d8e79dd24884aba78",
    "packages": [
        {
            "name": "pclzip/pclzip",
            "version": "2.8.2",
            "source": {
                "type": "git",
                "url": "https://github.com/ivanlanin/pclzip.git",
                "reference": "19dd1de9d3f5fc4d7d70175b4c344dee329f45fd"
            },
            "dist": {
                "type": "zip",
                "url": "https://api.github.com/repos/ivanlanin/pclzip/zipball/19dd1de9d3f5fc4d7d70175b4c344dee329f45fd",
                "reference": "19dd1de9d3f5fc4d7d70175b4c344dee329f45fd",
                "shasum": ""
            },
            "type": "library",
            "autoload": {
                "classmap": [
                    "pclzip.lib.php"
                ]
            },
            "notification-url": "https://packagist.org/downloads/",
            "license": [
                "LGPL-2.1"
            ],
            "authors": [
                {
                    "name": "Vincent Blavet"
                }
            ],
            "description": "A PHP library that offers compression and extraction functions for Zip formatted archives",
            "homepage": "http://www.phpconcept.net/pclzip",
            "keywords": [
                "php",
                "zip"
            ],
            "time": "2014-06-05 11:42:24"
        },
        {
            "name": "pguardiario/phpuri",
            "version": "dev-master",
            "source": {
                "type": "git",
                "url": "https://github.com/monkeysuffrage/phpuri.git",
                "reference": "55ed0a6a0dbc2399f0037821652fd681bd87d3fb"
            },
            "dist": {
                "type": "zip",
                "url": "https://api.github.com/repos/monkeysuffrage/phpuri/zipball/55ed0a6a0dbc2399f0037821652fd681bd87d3fb",
                "reference": "55ed0a6a0dbc2399f0037821652fd681bd87d3fb",
                "shasum": ""
            },
            "type": "project",
            "autoload": {
                "files": [
                    "phpuri.php"
                ]
            },
            "notification-url": "https://packagist.org/downloads/",
            "description": "A php library for converting relative urls to absolute.",
            "time": "2015-05-27 22:49:30"
        },
        {
            "name": "symfony/event-dispatcher",
            "version": "v2.8.2",
            "source": {
                "type": "git",
                "url": "https://github.com/symfony/event-dispatcher.git",
                "reference": "ee278f7c851533e58ca307f66305ccb9188aceda"
            },
            "dist": {
                "type": "zip",
                "url": "https://api.github.com/repos/symfony/event-dispatcher/zipball/ee278f7c851533e58ca307f66305ccb9188aceda",
                "reference": "ee278f7c851533e58ca307f66305ccb9188aceda",
                "shasum": ""
            },
            "require": {
                "php": ">=5.3.9"
            },
            "require-dev": {
                "psr/log": "~1.0",
                "symfony/config": "~2.0,>=2.0.5|~3.0.0",
                "symfony/dependency-injection": "~2.6|~3.0.0",
                "symfony/expression-language": "~2.6|~3.0.0",
                "symfony/stopwatch": "~2.3|~3.0.0"
            },
            "suggest": {
                "symfony/dependency-injection": "",
                "symfony/http-kernel": ""
            },
            "type": "library",
            "extra": {
                "branch-alias": {
                    "dev-master": "2.8-dev"
                }
            },
            "autoload": {
                "psr-4": {
                    "Symfony\\Component\\EventDispatcher\\": ""
                },
                "exclude-from-classmap": [
                    "/Tests/"
                ]
            },
            "notification-url": "https://packagist.org/downloads/",
            "license": [
                "MIT"
            ],
            "authors": [
                {
                    "name": "Fabien Potencier",
                    "email": "fabien@symfony.com"
                },
                {
                    "name": "Symfony Community",
                    "homepage": "https://symfony.com/contributors"
                }
            ],
            "description": "Symfony EventDispatcher Component",
            "homepage": "https://symfony.com",
            "time": "2016-01-13 10:28:07"
        },
        {
            "name": "symfony/options-resolver",
            "version": "v2.8.2",
            "source": {
                "type": "git",
                "url": "https://github.com/symfony/options-resolver.git",
                "reference": "b98ca04f85240531b9ea8a0f00a21f2ecfbdfa51"
            },
            "dist": {
                "type": "zip",
                "url": "https://api.github.com/repos/symfony/options-resolver/zipball/b98ca04f85240531b9ea8a0f00a21f2ecfbdfa51",
                "reference": "b98ca04f85240531b9ea8a0f00a21f2ecfbdfa51",
                "shasum": ""
            },
            "require": {
                "php": ">=5.3.9"
            },
            "type": "library",
            "extra": {
                "branch-alias": {
                    "dev-master": "2.8-dev"
                }
            },
            "autoload": {
                "psr-4": {
                    "Symfony\\Component\\OptionsResolver\\": ""
                },
                "exclude-from-classmap": [
                    "/Tests/"
                ]
            },
            "notification-url": "https://packagist.org/downloads/",
            "license": [
                "MIT"
            ],
            "authors": [
                {
                    "name": "Fabien Potencier",
                    "email": "fabien@symfony.com"
                },
                {
                    "name": "Symfony Community",
                    "homepage": "https://symfony.com/contributors"
                }
            ],
            "description": "Symfony OptionsResolver Component",
            "homepage": "https://symfony.com",
            "keywords": [
                "config",
                "configuration",
                "options"
            ],
            "time": "2016-01-03 15:33:41"
        },
        {
            "name": "symfony/property-access",
            "version": "v2.8.2",
            "source": {
                "type": "git",
                "url": "https://github.com/symfony/property-access.git",
                "reference": "f58bd65f1e985f4192eedbf0b2a818a220eccadc"
            },
            "dist": {
                "type": "zip",
                "url": "https://api.github.com/repos/symfony/property-access/zipball/f58bd65f1e985f4192eedbf0b2a818a220eccadc",
                "reference": "f58bd65f1e985f4192eedbf0b2a818a220eccadc",
                "shasum": ""
            },
            "require": {
                "php": ">=5.3.9"
            },
            "type": "library",
            "extra": {
                "branch-alias": {
                    "dev-master": "2.8-dev"
                }
            },
            "autoload": {
                "psr-4": {
                    "Symfony\\Component\\PropertyAccess\\": ""
                },
                "exclude-from-classmap": [
                    "/Tests/"
                ]
            },
            "notification-url": "https://packagist.org/downloads/",
            "license": [
                "MIT"
            ],
            "authors": [
                {
                    "name": "Fabien Potencier",
                    "email": "fabien@symfony.com"
                },
                {
                    "name": "Symfony Community",
                    "homepage": "https://symfony.com/contributors"
                }
            ],
            "description": "Symfony PropertyAccess Component",
            "homepage": "https://symfony.com",
            "keywords": [
                "access",
                "array",
                "extraction",
                "index",
                "injection",
                "object",
                "property",
                "property path",
                "reflection"
            ],
            "time": "2016-01-03 15:33:41"
        },
        {
            "name": "yohang/finite",
            "version": "1.1.0",
            "source": {
                "type": "git",
                "url": "https://github.com/yohang/Finite.git",
                "reference": "101e96f8d9595d72c1c4b1552555496a0cb135e4"
            },
            "dist": {
                "type": "zip",
                "url": "https://api.github.com/repos/yohang/Finite/zipball/101e96f8d9595d72c1c4b1552555496a0cb135e4",
                "reference": "101e96f8d9595d72c1c4b1552555496a0cb135e4",
                "shasum": ""
            },
            "require": {
                "php": ">=5.3.9",
                "symfony/event-dispatcher": "^2.6|^3.0",
                "symfony/options-resolver": "^2.6|^3.0",
                "symfony/property-access": "^2.6|^3.0"
            },
            "require-dev": {
                "phpunit/phpunit": "^4.0",
                "pimple/pimple": "^1.0",
                "symfony/dependency-injection": "^2.6|^3.0",
                "symfony/framework-bundle": "^2.6|^3.0",
                "symfony/security": "^2.6|^3.0",
                "twig/twig": "^1.13"
            },
            "suggest": {
                "pimple/pimple": "Needed for use with PimpleFactory",
                "symfony/security": "Needed for using SecurityAwareStateMachine",
                "symfony/yaml": "Yaml allows you to define your State graph in YAML"
            },
            "type": "library",
            "extra": {
                "branch-alias": {
                    "dev-master": "1.1.x-dev"
                }
            },
            "autoload": {
                "psr-0": {
                    "Finite": "src/"
                }
            },
            "notification-url": "https://packagist.org/downloads/",
            "license": [
                "MIT"
            ],
            "authors": [
                {
                    "name": "Yohan GIARELLI",
                    "email": "yohan@giarel.li",
                    "homepage": "http://yohan.giarel.li"
                },
                {
                    "name": "Finite contributors",
                    "homepage": "https://github.com/yohang/Finite/graphs/contributors"
                }
            ],
            "description": "A simple PHP5.3+ Finite State Machine",
            "homepage": "https://github.com/yohang/Finite",
            "keywords": [
                "bundle",
                "state",
                "statemachine",
                "symfony",
                "transition",
                "workflow"
            ],
            "time": "2015-12-02 18:02:03"
        }
    ],
    "packages-dev": [],
    "aliases": [],
    "minimum-stability": "dev",
    "stability-flags": {
        "pguardiario/phpuri": 20
    },
    "prefer-stable": true,
    "prefer-lowest": false,
    "platform": [],
    "platform-dev": []
}
